
Microsoft Visual Studio Solution File, Format Version 12.00
# Visual Studio Version 17
VisualStudioVersion = 17.8.34316.72
MinimumVisualStudioVersion = 10.0.40219.1
Project("{FAE04EC0-301F-11D3-BF4B-00C04F79EFBC}") = "MauiApp1", "MauiApp1.csproj", "{47E7F6C8-E562-4289-B27C-72F5C08A2FC9}"
EndProject
Global
	GlobalSection(SolutionConfigurationPlatforms) = preSolution
		Debug|Any CPU = Debug|Any CPU
		Release|Any CPU = Release|Any CPU
	EndGlobalSection
	GlobalSection(ProjectConfigurationPlatforms) = postSolution
		{47E7F6C8-E562-4289-B27C-72F5C08A2FC9}.Debug|Any CPU.ActiveCfg = Debug|Any CPU
		{47E7F6C8-E562-4289-B27C-72F5C08A2FC9}.Debug|Any CPU.Build.0 = Debug|Any CPU
		{47E7F6C8-E562-4289-B27C-72F5C08A2FC9}.Debug|Any CPU.Deploy.0 = Debug|Any CPU
		{47E7F6C8-E562-4289-B27C-72F5C08A2FC9}.Release|Any CPU.ActiveCfg = Release|Any CPU
		{47E7F6C8-E562-4289-B27C-72F5C08A2FC9}.Release|Any CPU.Build.0 = Release|Any CPU
		{47E7F6C8-E562-4289-B27C-72F5C08A2FC9}.Release|Any CPU.Deploy.0 = Release|Any CPU
	EndGlobalSection
	GlobalSection(SolutionProperties) = preSolution
		HideSolutionNode = FALSE
	EndGlobalSection
	GlobalSection(ExtensibilityGlobals) = postSolution
		SolutionGuid = {46DFDA59-FAE8-4054-9BF2-0CA785283909}
	EndGlobalSection
EndGlobal
